
Microsoft Visual Studio Solution File, Format Version 12.00
# Visual Studio Version 17
VisualStudioVersion = 17.0.31903.59
MinimumVisualStudioVersion = 10.0.40219.1
Project("{FAE04EC0-301F-11D3-BF4B-00C04F79EFBC}") = "blackHole", "blackHole\blackHole.csproj", "{ACD06E66-A50F-4FAD-A26C-103DD2C315F8}"
EndProject
Project("{FAE04EC0-301F-11D3-BF4B-00C04F79EFBC}") = "BlackHoleTests", "Tests\BlackHoleTests\BlackHoleTests.csproj", "{B1234567-89AB-CDEF-0123-456789ABCDEF}"
EndProject
Global
	GlobalSection(SolutionConfigurationPlatforms) = preSolution
		Debug|Any CPU = Debug|Any CPU
		Debug|x64 = Debug|x64
		Debug|x86 = Debug|x86
		Release|Any CPU = Release|Any CPU
		Release|x64 = Release|x64
		Release|x86 = Release|x86
	EndGlobalSection
	GlobalSection(ProjectConfigurationPlatforms) = postSolution
		{ACD06E66-A50F-4FAD-A26C-103DD2C315F8}.Debug|Any CPU.ActiveCfg = Debug|Any CPU
		{ACD06E66-A50F-4FAD-A26C-103DD2C315F8}.Debug|Any CPU.Build.0 = Debug|Any CPU
		{ACD06E66-A50F-4FAD-A26C-103DD2C315F8}.Debug|x64.ActiveCfg = Debug|Any CPU
		{ACD06E66-A50F-4FAD-A26C-103DD2C315F8}.Debug|x64.Build.0 = Debug|Any CPU
		{ACD06E66-A50F-4FAD-A26C-103DD2C315F8}.Debug|x86.ActiveCfg = Debug|Any CPU
		{ACD06E66-A50F-4FAD-A26C-103DD2C315F8}.Debug|x86.Build.0 = Debug|Any CPU
		{ACD06E66-A50F-4FAD-A26C-103DD2C315F8}.Release|Any CPU.ActiveCfg = Release|Any CPU
		{ACD06E66-A50F-4FAD-A26C-103DD2C315F8}.Release|Any CPU.Build.0 = Release|Any CPU
		{ACD06E66-A50F-4FAD-A26C-103DD2C315F8}.Release|x64.ActiveCfg = Release|Any CPU
		{ACD06E66-A50F-4FAD-A26C-103DD2C315F8}.Release|x64.Build.0 = Release|Any CPU
		{ACD06E66-A50F-4FAD-A26C-103DD2C315F8}.Release|x86.ActiveCfg = Release|Any CPU
		{ACD06E66-A50F-4FAD-A26C-103DD2C315F8}.Release|x86.Build.0 = Release|Any CPU
		{B1234567-89AB-CDEF-0123-456789ABCDEF}.Debug|Any CPU.ActiveCfg = Debug|Any CPU
		{B1234567-89AB-CDEF-0123-456789ABCDEF}.Debug|Any CPU.Build.0 = Debug|Any CPU
		{B1234567-89AB-CDEF-0123-456789ABCDEF}.Debug|x64.ActiveCfg = Debug|Any CPU
		{B1234567-89AB-CDEF-0123-456789ABCDEF}.Debug|x64.Build.0 = Debug|Any CPU
		{B1234567-89AB-CDEF-0123-456789ABCDEF}.Debug|x86.ActiveCfg = Debug|Any CPU
		{B1234567-89AB-CDEF-0123-456789ABCDEF}.Debug|x86.Build.0 = Debug|Any CPU
		{B1234567-89AB-CDEF-0123-456789ABCDEF}.Release|Any CPU.ActiveCfg = Release|Any CPU
		{B1234567-89AB-CDEF-0123-456789ABCDEF}.Release|Any CPU.Build.0 = Release|Any CPU
		{B1234567-89AB-CDEF-0123-456789ABCDEF}.Release|x64.ActiveCfg = Release|Any CPU
		{B1234567-89AB-CDEF-0123-456789ABCDEF}.Release|x64.Build.0 = Release|Any CPU
		{B1234567-89AB-CDEF-0123-456789ABCDEF}.Release|x86.ActiveCfg = Release|Any CPU
		{B1234567-89AB-CDEF-0123-456789ABCDEF}.Release|x86.Build.0 = Release|Any CPU
	EndGlobalSection
	GlobalSection(SolutionProperties) = preSolution
		HideSolutionNode = FALSE
	EndGlobalSection
EndGlobal
